{
  "name": "caremap",
  "version": "0.1.0",
  "lockfileVersion": 1,
  "requires": true,
  "dependencies": {
    "flow-bin": {
      "version": "0.59.0",
      "resolved": "https://registry.npmjs.org/flow-bin/-/flow-bin-0.59.0.tgz",
      "integrity": "sha512-yJDRffvby5mCTkbwOdXwiGDjeea8Z+BPVuP53/tHqHIZC+KtQD790zopVf7mHk65v+wRn+TZ7tkRSNA9oDmyLg==",
      "dev": true
    }
  }
}
